
Microsoft Visual Studio Solution File, Format Version 12.00
# Visual Studio Version 16
VisualStudioVersion = 16.0.29209.62
MinimumVisualStudioVersion = 10.0.40219.1
Project("{9A19103F-16F7-4668-BE54-9A1E7A4F7556}") = "CalculaArea", "CalculaArea.csproj", "{AAF3858F-2D54-4952-BB7B-3C182B0A94F7}"
EndProject
Project("{FAE04EC0-301F-11D3-BF4B-00C04F79EFBC}") = "TesteCalculaArea", "..\TesteCalculaArea\TesteCalculaArea.csproj", "{234AECE9-36F9-4A60-A877-971612F82B7E}"
EndProject
Global
	GlobalSection(SolutionConfigurationPlatforms) = preSolution
		Debug|Any CPU = Debug|Any CPU
		Release|Any CPU = Release|Any CPU
	EndGlobalSection
	GlobalSection(ProjectConfigurationPlatforms) = postSolution
		{AAF3858F-2D54-4952-BB7B-3C182B0A94F7}.Debug|Any CPU.ActiveCfg = Debug|Any CPU
		{AAF3858F-2D54-4952-BB7B-3C182B0A94F7}.Debug|Any CPU.Build.0 = Debug|Any CPU
		{AAF3858F-2D54-4952-BB7B-3C182B0A94F7}.Release|Any CPU.ActiveCfg = Release|Any CPU
		{AAF3858F-2D54-4952-BB7B-3C182B0A94F7}.Release|Any CPU.Build.0 = Release|Any CPU
		{234AECE9-36F9-4A60-A877-971612F82B7E}.Debug|Any CPU.ActiveCfg = Debug|Any CPU
		{234AECE9-36F9-4A60-A877-971612F82B7E}.Debug|Any CPU.Build.0 = Debug|Any CPU
		{234AECE9-36F9-4A60-A877-971612F82B7E}.Release|Any CPU.ActiveCfg = Release|Any CPU
		{234AECE9-36F9-4A60-A877-971612F82B7E}.Release|Any CPU.Build.0 = Release|Any CPU
	EndGlobalSection
	GlobalSection(SolutionProperties) = preSolution
		HideSolutionNode = FALSE
	EndGlobalSection
	GlobalSection(ExtensibilityGlobals) = postSolution
		SolutionGuid = {0B0CB5C2-A708-480D-A2BC-D35A52D761A9}
	EndGlobalSection
EndGlobal
